
Microsoft Visual Studio Solution File, Format Version 11.00
# Visual Studio 2010
Project("{FAE04EC0-301F-11D3-BF4B-00C04F79EFBC}") = "CreatingPasswordsI", "CreatingPasswordsI\CreatingPasswordsI.csproj", "{4321496B-6B1D-4580-A764-3628FEC2749C}"
EndProject
Global
	GlobalSection(SolutionConfigurationPlatforms) = preSolution
		Debug|x86 = Debug|x86
		Release|x86 = Release|x86
	EndGlobalSection
	GlobalSection(ProjectConfigurationPlatforms) = postSolution
		{4321496B-6B1D-4580-A764-3628FEC2749C}.Debug|x86.ActiveCfg = Debug|x86
		{4321496B-6B1D-4580-A764-3628FEC2749C}.Debug|x86.Build.0 = Debug|x86
		{4321496B-6B1D-4580-A764-3628FEC2749C}.Release|x86.ActiveCfg = Release|x86
		{4321496B-6B1D-4580-A764-3628FEC2749C}.Release|x86.Build.0 = Release|x86
	EndGlobalSection
	GlobalSection(SolutionProperties) = preSolution
		HideSolutionNode = FALSE
	EndGlobalSection
EndGlobal
